
Microsoft Visual Studio Solution File, Format Version 12.00
# Visual Studio Version 17
VisualStudioVersion = 17.0.31919.166
MinimumVisualStudioVersion = 10.0.40219.1
Project("{9A19103F-16F7-4668-BE54-9A1E7A4F7556}") = "API", "API\API.csproj", "{F66C0EC6-49F5-47CD-AF33-8974486C6A0D}"
EndProject
Project("{FAE04EC0-301F-11D3-BF4B-00C04F79EFBC}") = "FrontEnd", "FrontEnd\FrontEnd.csproj", "{C4DB52D5-D9B2-4BBE-983A-275AF5E98569}"
EndProject
Global
	GlobalSection(SolutionConfigurationPlatforms) = preSolution
		Debug|Any CPU = Debug|Any CPU
		Release|Any CPU = Release|Any CPU
	EndGlobalSection
	GlobalSection(ProjectConfigurationPlatforms) = postSolution
		{F66C0EC6-49F5-47CD-AF33-8974486C6A0D}.Debug|Any CPU.ActiveCfg = Debug|Any CPU
		{F66C0EC6-49F5-47CD-AF33-8974486C6A0D}.Debug|Any CPU.Build.0 = Debug|Any CPU
		{F66C0EC6-49F5-47CD-AF33-8974486C6A0D}.Release|Any CPU.ActiveCfg = Release|Any CPU
		{F66C0EC6-49F5-47CD-AF33-8974486C6A0D}.Release|Any CPU.Build.0 = Release|Any CPU
		{C4DB52D5-D9B2-4BBE-983A-275AF5E98569}.Debug|Any CPU.ActiveCfg = Debug|Any CPU
		{C4DB52D5-D9B2-4BBE-983A-275AF5E98569}.Debug|Any CPU.Build.0 = Debug|Any CPU
		{C4DB52D5-D9B2-4BBE-983A-275AF5E98569}.Release|Any CPU.ActiveCfg = Release|Any CPU
		{C4DB52D5-D9B2-4BBE-983A-275AF5E98569}.Release|Any CPU.Build.0 = Release|Any CPU
	EndGlobalSection
	GlobalSection(SolutionProperties) = preSolution
		HideSolutionNode = FALSE
	EndGlobalSection
	GlobalSection(ExtensibilityGlobals) = postSolution
		SolutionGuid = {EE347E63-641A-4B04-A694-06A456375609}
	EndGlobalSection
EndGlobal
